
Microsoft Visual Studio Solution File, Format Version 10.00
# Visual Studio 2008
Project("{FAE04EC0-301F-11D3-BF4B-00C04F79EFBC}") = "Bluejam.Utils.DatabaseScripter", "Bluejam.Utils.DatabaseScripter\Bluejam.Utils.DatabaseScripter.csproj", "{9C90713C-9E9D-47F1-9118-00CBBE7713DE}"
EndProject
Project("{FAE04EC0-301F-11D3-BF4B-00C04F79EFBC}") = "Bluejam.Utils.DatabaseScripter.Tests", "Bluejam.Utils.DatabaseScripter.Tests\Bluejam.Utils.DatabaseScripter.Tests.csproj", "{CC03B955-5258-46E4-A7B5-63E9001B71AA}"
EndProject
Project("{FAE04EC0-301F-11D3-BF4B-00C04F79EFBC}") = "Bluejam.Utils.DatabaseScripter.DbAdapter", "Bluejam.Utils.DatabaseScripter.DbAdapter\Bluejam.Utils.DatabaseScripter.DbAdapter.csproj", "{E17B1DB4-E1E3-479C-AC54-75C88D26AB3C}"
EndProject
Project("{FAE04EC0-301F-11D3-BF4B-00C04F79EFBC}") = "Bluejam.Utils.DatabaseScripter.Core", "Bluejam.Utils.DatabaseScripter.Core\Bluejam.Utils.DatabaseScripter.Core.csproj", "{DC9732C5-68AE-4252-81D5-C999BA824B4B}"
EndProject
Project("{FAE04EC0-301F-11D3-BF4B-00C04F79EFBC}") = "Bluejam.Utils.DatabaseScripter.DbAdapter.SqlServer", "Bluejam.Utils.DatabaseScripter.DbAdapter.SqlServer\Bluejam.Utils.DatabaseScripter.DbAdapter.SqlServer.csproj", "{C3CE3A43-AFE1-4AAB-89BB-0C2C9971F876}"
EndProject
Project("{2150E333-8FDC-42A3-9474-1A3956D46DE8}") = "Output", "Output", "{5C13FA8D-C47B-4EBC-8C06-B5DBC044F7BF}"
EndProject
Project("{2150E333-8FDC-42A3-9474-1A3956D46DE8}") = "Solution Items", "Solution Items", "{6365B28D-D787-40DB-A261-3378F152F290}"
	ProjectSection(SolutionItems) = preProject
		AssemblyVersion.cs = AssemblyVersion.cs
		DatabaseScripter.FxCop = DatabaseScripter.FxCop
	EndProjectSection
EndProject
Project("{FAE04EC0-301F-11D3-BF4B-00C04F79EFBC}") = "Bluejam.Utils.DatabaseScripter.DbAdapter.FileWriter", "Bluejam.Utils.DatabaseScripter.DbAdapter.FileWriter\Bluejam.Utils.DatabaseScripter.DbAdapter.FileWriter.csproj", "{550F30DF-BF78-4308-BFFC-F95E78605BF0}"
EndProject
Project("{2150E333-8FDC-42A3-9474-1A3956D46DE8}") = "Example", "Example", "{1A7C642C-5CA8-47B1-85E8-3D6BCADB3E80}"
	ProjectSection(SolutionItems) = preProject
		Output\Example\manifest.xml = Output\Example\manifest.xml
	EndProjectSection
EndProject
Project("{2150E333-8FDC-42A3-9474-1A3956D46DE8}") = "Scripts", "Scripts", "{622D5E61-9A8B-4249-B4B0-117DE5CE1605}"
	ProjectSection(SolutionItems) = preProject
		Output\Example\Scripts\0.0.1.sql = Output\Example\Scripts\0.0.1.sql
		Output\Example\Scripts\0.0.2.sql = Output\Example\Scripts\0.0.2.sql
		Output\Example\Scripts\create.sql = Output\Example\Scripts\create.sql
		Output\Example\Scripts\drop.sql = Output\Example\Scripts\drop.sql
	EndProjectSection
EndProject
Project("{FAE04EC0-301F-11D3-BF4B-00C04F79EFBC}") = "Bluejam.Utils.DatabaseScripter.SystemTests", "Bluejam.Utils.DatabaseScripter.SystemTests\Bluejam.Utils.DatabaseScripter.SystemTests.csproj", "{E516A556-7835-4D27-943A-54AD2ED0626A}"
EndProject
Global
	GlobalSection(SolutionConfigurationPlatforms) = preSolution
		Debug|Any CPU = Debug|Any CPU
		Release|Any CPU = Release|Any CPU
	EndGlobalSection
	GlobalSection(ProjectConfigurationPlatforms) = postSolution
		{9C90713C-9E9D-47F1-9118-00CBBE7713DE}.Debug|Any CPU.ActiveCfg = Debug|Any CPU
		{9C90713C-9E9D-47F1-9118-00CBBE7713DE}.Debug|Any CPU.Build.0 = Debug|Any CPU
		{9C90713C-9E9D-47F1-9118-00CBBE7713DE}.Release|Any CPU.ActiveCfg = Release|Any CPU
		{9C90713C-9E9D-47F1-9118-00CBBE7713DE}.Release|Any CPU.Build.0 = Release|Any CPU
		{CC03B955-5258-46E4-A7B5-63E9001B71AA}.Debug|Any CPU.ActiveCfg = Debug|Any CPU
		{CC03B955-5258-46E4-A7B5-63E9001B71AA}.Debug|Any CPU.Build.0 = Debug|Any CPU
		{CC03B955-5258-46E4-A7B5-63E9001B71AA}.Release|Any CPU.ActiveCfg = Release|Any CPU
		{CC03B955-5258-46E4-A7B5-63E9001B71AA}.Release|Any CPU.Build.0 = Release|Any CPU
		{E17B1DB4-E1E3-479C-AC54-75C88D26AB3C}.Debug|Any CPU.ActiveCfg = Debug|Any CPU
		{E17B1DB4-E1E3-479C-AC54-75C88D26AB3C}.Debug|Any CPU.Build.0 = Debug|Any CPU
		{E17B1DB4-E1E3-479C-AC54-75C88D26AB3C}.Release|Any CPU.ActiveCfg = Release|Any CPU
		{E17B1DB4-E1E3-479C-AC54-75C88D26AB3C}.Release|Any CPU.Build.0 = Release|Any CPU
		{DC9732C5-68AE-4252-81D5-C999BA824B4B}.Debug|Any CPU.ActiveCfg = Debug|Any CPU
		{DC9732C5-68AE-4252-81D5-C999BA824B4B}.Debug|Any CPU.Build.0 = Debug|Any CPU
		{DC9732C5-68AE-4252-81D5-C999BA824B4B}.Release|Any CPU.ActiveCfg = Release|Any CPU
		{DC9732C5-68AE-4252-81D5-C999BA824B4B}.Release|Any CPU.Build.0 = Release|Any CPU
		{C3CE3A43-AFE1-4AAB-89BB-0C2C9971F876}.Debug|Any CPU.ActiveCfg = Debug|Any CPU
		{C3CE3A43-AFE1-4AAB-89BB-0C2C9971F876}.Debug|Any CPU.Build.0 = Debug|Any CPU
		{C3CE3A43-AFE1-4AAB-89BB-0C2C9971F876}.Release|Any CPU.ActiveCfg = Release|Any CPU
		{C3CE3A43-AFE1-4AAB-89BB-0C2C9971F876}.Release|Any CPU.Build.0 = Release|Any CPU
		{550F30DF-BF78-4308-BFFC-F95E78605BF0}.Debug|Any CPU.ActiveCfg = Debug|Any CPU
		{550F30DF-BF78-4308-BFFC-F95E78605BF0}.Debug|Any CPU.Build.0 = Debug|Any CPU
		{550F30DF-BF78-4308-BFFC-F95E78605BF0}.Release|Any CPU.ActiveCfg = Release|Any CPU
		{550F30DF-BF78-4308-BFFC-F95E78605BF0}.Release|Any CPU.Build.0 = Release|Any CPU
		{E516A556-7835-4D27-943A-54AD2ED0626A}.Debug|Any CPU.ActiveCfg = Debug|Any CPU
		{E516A556-7835-4D27-943A-54AD2ED0626A}.Debug|Any CPU.Build.0 = Debug|Any CPU
		{E516A556-7835-4D27-943A-54AD2ED0626A}.Release|Any CPU.ActiveCfg = Release|Any CPU
		{E516A556-7835-4D27-943A-54AD2ED0626A}.Release|Any CPU.Build.0 = Release|Any CPU
	EndGlobalSection
	GlobalSection(SolutionProperties) = preSolution
		HideSolutionNode = FALSE
	EndGlobalSection
	GlobalSection(NestedProjects) = preSolution
		{1A7C642C-5CA8-47B1-85E8-3D6BCADB3E80} = {5C13FA8D-C47B-4EBC-8C06-B5DBC044F7BF}
		{622D5E61-9A8B-4249-B4B0-117DE5CE1605} = {1A7C642C-5CA8-47B1-85E8-3D6BCADB3E80}
	EndGlobalSection
EndGlobal
